// !$*UTF8*$!
{
	archiveVersion = 1;
	classes = {
	};
	objectVersion = 46;
	objects = {

/* Begin PBXBuildFile section */
		19C812311BEADFF0003586DF /* AppDelegate.swift in Sources */ = {isa = PBXBuildFile; fileRef = 19C812301BEADFF0003586DF /* AppDelegate.swift */; };
		19C812331BEADFF0003586DF /* ViewController.swift in Sources */ = {isa = PBXBuildFile; fileRef = 19C812321BEADFF0003586DF /* ViewController.swift */; };
		19C812361BEADFF0003586DF /* Main.storyboard in Resources */ = {isa = PBXBuildFile; fileRef = 19C812341BEADFF0003586DF /* Main.storyboard */; };
		19C812381BEADFF0003586DF /* Assets.xcassets in Resources */ = {isa = PBXBuildFile; fileRef = 19C812371BEADFF0003586DF /* Assets.xcassets */; };
		19C8123B1BEADFF0003586DF /* LaunchScreen.storyboard in Resources */ = {isa = PBXBuildFile; fileRef = 19C812391BEADFF0003586DF /* LaunchScreen.storyboard */; };
		19C812461BEADFF0003586DF /* RedBlueTests.swift in Sources */ = {isa = PBXBuildFile; fileRef = 19C812451BEADFF0003586DF /* RedBlueTests.swift */; };
		19C812511BEADFF0003586DF /* RedBlueUITests.swift in Sources */ = {isa = PBXBuildFile; fileRef = 19C812501BEADFF0003586DF /* RedBlueUITests.swift */; };
/* End PBXBuildFile section */

/* Begin PBXContainerItemProxy section */
		19C812421BEADFF0003586DF /* PBXContainerItemProxy */ = {
			isa = PBXContainerItemProxy;
			containerPortal = 19C812251BEADFEF003586DF /* Project object */;
			proxyType = 1;
			remoteGlobalIDString = 19C8122C1BEADFEF003586DF;
			remoteInfo = RedBlue;
		};
		19C8124D1BEADFF0003586DF /* PBXContainerItemProxy */ = {
			isa = PBXContainerItemProxy;
			containerPortal = 19C812251BEADFEF003586DF /* Project object */;
			proxyType = 1;
			remoteGlobalIDString = 19C8122C1BEADFEF003586DF;
			remoteInfo = RedBlue;
		};
/* End PBXContainerItemProxy section */

/* Begin PBXFileReference section */
		19C8122D1BEADFF0003586DF /* RedBlue.app */ = {isa = PBXFileReference; explicitFileType = wrapper.application; includeInIndex = 0; path = RedBlue.app; sourceTree = BUILT_PRODUCTS_DIR; };
		19C812301BEADFF0003586DF /* AppDelegate.swift */ = {isa = PBXFileReference; lastKnownFileType = sourcecode.swift; path = AppDelegate.swift; sourceTree = "<group>"; };
		19C812321BEADFF0003586DF /* ViewController.swift */ = {isa = PBXFileReference; lastKnownFileType = sourcecode.swift; path = ViewController.swift; sourceTree = "<group>"; };
		19C812351BEADFF0003586DF /* Base */ = {isa = PBXFileReference; lastKnownFileType = file.storyboard; name = Base; path = Base.lproj/Main.storyboard; sourceTree = "<group>"; };
		19C812371BEADFF0003586DF /* Assets.xcassets */ = {isa = PBXFileReference; lastKnownFileType = folder.assetcatalog; path = Assets.xcassets; sourceTree = "<group>"; };
		19C8123A1BEADFF0003586DF /* Base */ = {isa = PBXFileReference; lastKnownFileType = file.storyboard; name = Base; path = Base.lproj/LaunchScreen.storyboard; sourceTree = "<group>"; };
		19C8123C1BEADFF0003586DF /* Info.plist */ = {isa = PBXFileReference; lastKnownFileType = text.plist.xml; path = Info.plist; sourceTree = "<group>"; };
		19C812411BEADFF0003586DF /* RedBlueTests.xctest */ = {isa = PBXFileReference; explicitFileType = wrapper.cfbundle; includeInIndex = 0; path = RedBlueTests.xctest; sourceTree = BUILT_PRODUCTS_DIR; };
		19C812451BEADFF0003586DF /* RedBlueTests.swift */ = {isa = PBXFileReference; lastKnownFileType = sourcecode.swift; path = RedBlueTests.swift; sourceTree = "<group>"; };
		19C812471BEADFF0003586DF /* Info.plist */ = {isa = PBXFileReference; lastKnownFileType = text.plist.xml; path = Info.plist; sourceTree = "<group>"; };
		19C8124C1BEADFF0003586DF /* RedBlueUITests.xctest */ = {isa = PBXFileReference; explicitFileType = wrapper.cfbundle; includeInIndex = 0; path = RedBlueUITests.xctest; sourceTree = BUILT_PRODUCTS_DIR; };
		19C812501BEADFF0003586DF /* RedBlueUITests.swift */ = {isa = PBXFileReference; lastKnownFileType = sourcecode.swift; path = RedBlueUITests.swift; sourceTree = "<group>"; };
		19C812521BEADFF0003586DF /* Info.plist */ = {isa = PBXFileReference; lastKnownFileType = text.plist.xml; path = Info.plist; sourceTree = "<group>"; };
/* End PBXFileReference section */

/* Begin PBXFrameworksBuildPhase section */
		19C8122A1BEADFEF003586DF /* Frameworks */ = {
			isa = PBXFrameworksBuildPhase;
			buildActionMask = 2147483647;
			files = (
			);
			runOnlyForDeploymentPostprocessing = 0;
		};
		19C8123E1BEADFF0003586DF /* Frameworks */ = {
			isa = PBXFrameworksBuildPhase;
			buildActionMask = 2147483647;
			files = (
			);
			runOnlyForDeploymentPostprocessing = 0;
		};
		19C812491BEADFF0003586DF /* Frameworks */ = {
			isa = PBXFrameworksBuildPhase;
			buildActionMask = 2147483647;
			files = (
			);
			runOnlyForDeploymentPostprocessing = 0;
		};
/* End PBXFrameworksBuildPhase section */

/* Begin PBXGroup section */
		19C812241BEADFEF003586DF = {
			isa = PBXGroup;
			children = (
				19C8122F1BEADFF0003586DF /* RedBlue */,
				19C812441BEADFF0003586DF /* RedBlueTests */,
				19C8124F1BEADFF0003586DF /* RedBlueUITests */,
				19C8122E1BEADFF0003586DF /* Products */,
			);
			sourceTree = "<group>";
		};
		19C8122E1BEADFF0003586DF /* Products */ = {
			isa = PBXGroup;
			children = (
				19C8122D1BEADFF0003586DF /* RedBlue.app */,
				19C812411BEADFF0003586DF /* RedBlueTests.xctest */,
				19C8124C1BEADFF0003586DF /* RedBlueUITests.xctest */,
			);
			name = Products;
			sourceTree = "<group>";
		};
		19C8122F1BEADFF0003586DF /* RedBlue */ = {
			isa = PBXGroup;
			children = (
				19C812301BEADFF0003586DF /* AppDelegate.swift */,
				19C812321BEADFF0003586DF /* ViewController.swift */,
				19C812341BEADFF0003586DF /* Main.storyboard */,
				19C812371BEADFF0003586DF /* Assets.xcassets */,
				19C812391BEADFF0003586DF /* LaunchScreen.storyboard */,
				19C8123C1BEADFF0003586DF /* Info.plist */,
			);
			path = RedBlue;
			sourceTree = "<group>";
		};
		19C812441BEADFF0003586DF /* RedBlueTests */ = {
			isa = PBXGroup;
			children = (
				19C812451BEADFF0003586DF /* RedBlueTests.swift */,
				19C812471BEADFF0003586DF /* Info.plist */,
			);
			path = RedBlueTests;
			sourceTree = "<group>";
		};
		19C8124F1BEADFF0003586DF /* RedBlueUITests */ = {
			isa = PBXGroup;
			children = (
				19C812501BEADFF0003586DF /* RedBlueUITests.swift */,
				19C812521BEADFF0003586DF /* Info.plist */,
			);
			path = RedBlueUITests;
			sourceTree = "<group>";
		};
/* End PBXGroup section */

/* Begin PBXNativeTarget section */
		19C8122C1BEADFEF003586DF /* RedBlue */ = {
			isa = PBXNativeTarget;
			buildConfigurationList = 19C812551BEADFF0003586DF /* Build configuration list for PBXNativeTarget "RedBlue" */;
			buildPhases = (
				19C812291BEADFEF003586DF /* Sources */,
				19C8122A1BEADFEF003586DF /* Frameworks */,
				19C8122B1BEADFEF003586DF /* Resources */,
			);
			buildRules = (
			);
			dependencies = (
			);
			name = RedBlue;
			productName = RedBlue;
			productReference = 19C8122D1BEADFF0003586DF /* RedBlue.app */;
			productType = "com.apple.product-type.application";
		};
		19C812401BEADFF0003586DF /* RedBlueTests */ = {
			isa = PBXNativeTarget;
			buildConfigurationList = 19C812581BEADFF0003586DF /* Build configuration list for PBXNativeTarget "RedBlueTests" */;
			buildPhases = (
				19C8123D1BEADFF0003586DF /* Sources */,
				19C8123E1BEADFF0003586DF /* Frameworks */,
				19C8123F1BEADFF0003586DF /* Resources */,
			);
			buildRules = (
			);
			dependencies = (
				19C812431BEADFF0003586DF /* PBXTargetDependency */,
			);
			name = RedBlueTests;
			productName = RedBlueTests;
			productReference = 19C812411BEADFF0003586DF /* RedBlueTests.xctest */;
			productType = "com.apple.product-type.bundle.unit-test";
		};
		19C8124B1BEADFF0003586DF /* RedBlueUITests */ = {
			isa = PBXNativeTarget;
			buildConfigurationList = 19C8125B1BEADFF0003586DF /* Build configuration list for PBXNativeTarget "RedBlueUITests" */;
			buildPhases = (
				19C812481BEADFF0003586DF /* Sources */,
				19C812491BEADFF0003586DF /* Frameworks */,
				19C8124A1BEADFF0003586DF /* Resources */,
			);
			buildRules = (
			);
			dependencies = (
				19C8124E1BEADFF0003586DF /* PBXTargetDependency */,
			);
			name = RedBlueUITests;
			productName = RedBlueUITests;
			productReference = 19C8124C1BEADFF0003586DF /* RedBlueUITests.xctest */;
			productType = "com.apple.product-type.bundle.ui-testing";
		};
/* End PBXNativeTarget section */

/* Begin PBXProject section */
		19C812251BEADFEF003586DF /* Project object */ = {
			isa = PBXProject;
			attributes = {
				LastSwiftUpdateCheck = 0710;
				LastUpgradeCheck = 0710;
				ORGANIZATIONNAME = "Gilad Braham";
				TargetAttributes = {
					19C8122C1BEADFEF003586DF = {
						CreatedOnToolsVersion = 7.1;
					};
					19C812401BEADFF0003586DF = {
						CreatedOnToolsVersion = 7.1;
						TestTargetID = 19C8122C1BEADFEF003586DF;
					};
					19C8124B1BEADFF0003586DF = {
						CreatedOnToolsVersion = 7.1;
						TestTargetID = 19C8122C1BEADFEF003586DF;
					};
				};
			};
			buildConfigurationList = 19C812281BEADFEF003586DF /* Build configuration list for PBXProject "RedBlue" */;
			compatibilityVersion = "Xcode 3.2";
			developmentRegion = English;
			hasScannedForEncodings = 0;
			knownRegions = (
				en,
				Base,
			);
			mainGroup = 19C812241BEADFEF003586DF;
			productRefGroup = 19C8122E1BEADFF0003586DF /* Products */;
			projectDirPath = "";
			projectRoot = "";
			targets = (
				19C8122C1BEADFEF003586DF /* RedBlue */,
				19C812401BEADFF0003586DF /* RedBlueTests */,
				19C8124B1BEADFF0003586DF /* RedBlueUITests */,
			);
		};
/* End PBXProject section */

/* Begin PBXResourcesBuildPhase section */
		19C8122B1BEADFEF003586DF /* Resources */ = {
			isa = PBXResourcesBuildPhase;
			buildActionMask = 2147483647;
			files = (
				19C8123B1BEADFF0003586DF /* LaunchScreen.storyboard in Resources */,
				19C812381BEADFF0003586DF /* Assets.xcassets in Resources */,
				19C812361BEADFF0003586DF /* Main.storyboard in Resources */,
			);
			runOnlyForDeploymentPostprocessing = 0;
		};
		19C8123F1BEADFF0003586DF /* Resources */ = {
			isa = PBXResourcesBuildPhase;
			buildActionMask = 2147483647;
			files = (
			);
			runOnlyForDeploymentPostprocessing = 0;
		};
		19C8124A1BEADFF0003586DF /* Resources */ = {
			isa = PBXResourcesBuildPhase;
			buildActionMask = 2147483647;
			files = (
			);
			runOnlyForDeploymentPostprocessing = 0;
		};
/* End PBXResourcesBuildPhase section */

/* Begin PBXSourcesBuildPhase section */
		19C812291BEADFEF003586DF /* Sources */ = {
			isa = PBXSourcesBuildPhase;
			buildActionMask = 2147483647;
			files = (
				19C812331BEADFF0003586DF /* ViewController.swift in Sources */,
				19C812311BEADFF0003586DF /* AppDelegate.swift in Sources */,
			);
			runOnlyForDeploymentPostprocessing = 0;
		};
		19C8123D1BEADFF0003586DF /* Sources */ = {
			isa = PBXSourcesBuildPhase;
			buildActionMask = 2147483647;
			files = (
				19C812461BEADFF0003586DF /* RedBlueTests.swift in Sources */,
			);
			runOnlyForDeploymentPostprocessing = 0;
		};
		19C812481BEADFF0003586DF /* Sources */ = {
			isa = PBXSourcesBuildPhase;
			buildActionMask = 2147483647;
			files = (
				19C812511BEADFF0003586DF /* RedBlueUITests.swift in Sources */,
			);
			runOnlyForDeploymentPostprocessing = 0;
		};
/* End PBXSourcesBuildPhase section */

/* Begin PBXTargetDependency section */
		19C812431BEADFF0003586DF /* PBXTargetDependency */ = {
			isa = PBXTargetDependency;
			target = 19C8122C1BEADFEF003586DF /* RedBlue */;
			targetProxy = 19C812421BEADFF0003586DF /* PBXContainerItemProxy */;
		};
		19C8124E1BEADFF0003586DF /* PBXTargetDependency */ = {
			isa = PBXTargetDependency;
			target = 19C8122C1BEADFEF003586DF /* RedBlue */;
			targetProxy = 19C8124D1BEADFF0003586DF /* PBXContainerItemProxy */;
		};
/* End PBXTargetDependency section */

/* Begin PBXVariantGroup section */
		19C812341BEADFF0003586DF /* Main.storyboard */ = {
			isa = PBXVariantGroup;
			children = (
				19C812351BEADFF0003586DF /* Base */,
			);
			name = Main.storyboard;
			sourceTree = "<group>";
		};
		19C812391BEADFF0003586DF /* LaunchScreen.storyboard */ = {
			isa = PBXVariantGroup;
			children = (
				19C8123A1BEADFF0003586DF /* Base */,
			);
			name = LaunchScreen.storyboard;
			sourceTree = "<group>";
		};
/* End PBXVariantGroup section */

/* Begin XCBuildConfiguration section */
		19C812531BEADFF0003586DF /* Debug */ = {
			isa = XCBuildConfiguration;
			buildSettings = {
				ALWAYS_SEARCH_USER_PATHS = NO;
				CLANG_CXX_LANGUAGE_STANDARD = "gnu++0x";
				CLANG_CXX_LIBRARY = "libc++";
				CLANG_ENABLE_MODULES = YES;
				CLANG_ENABLE_OBJC_ARC = YES;
				CLANG_WARN_BOOL_CONVERSION = YES;
				CLANG_WARN_CONSTANT_CONVERSION = YES;
				CLANG_WARN_DIRECT_OBJC_ISA_USAGE = YES_ERROR;
				CLANG_WARN_EMPTY_BODY = YES;
				CLANG_WARN_ENUM_CONVERSION = YES;
				CLANG_WARN_INT_CONVERSION = YES;
				CLANG_WARN_OBJC_ROOT_CLASS = YES_ERROR;
				CLANG_WARN_UNREACHABLE_CODE = YES;
				CLANG_WARN__DUPLICATE_METHOD_MATCH = YES;
				"CODE_SIGN_IDENTITY[sdk=iphoneos*]" = "iPhone Developer";
				COPY_PHASE_STRIP = NO;
				DEBUG_INFORMATION_FORMAT = dwarf;
				ENABLE_STRICT_OBJC_MSGSEND = YES;
				ENABLE_TESTABILITY = YES;
				GCC_C_LANGUAGE_STANDARD = gnu99;
				GCC_DYNAMIC_NO_PIC = NO;
				GCC_NO_COMMON_BLOCKS = YES;
				GCC_OPTIMIZATION_LEVEL = 0;
				GCC_PREPROCESSOR_DEFINITIONS = (
					"DEBUG=1",
					"$(inherited)",
				);
				GCC_WARN_64_TO_32_BIT_CONVERSION = YES;
				GCC_WARN_ABOUT_RETURN_TYPE = YES_ERROR;
				GCC_WARN_UNDECLARED_SELECTOR = YES;
				GCC_WARN_UNINITIALIZED_AUTOS = YES_AGGRESSIVE;
				GCC_WARN_UNUSED_FUNCTION = YES;
				GCC_WARN_UNUSED_VARIABLE = YES;
				IPHONEOS_DEPLOYMENT_TARGET = 9.1;
				MTL_ENABLE_DEBUG_INFO = YES;
				ONLY_ACTIVE_ARCH = YES;
				SDKROOT = iphoneos;
				SWIFT_OPTIMIZATION_LEVEL = "-Onone";
			};
			name = Debug;
		};
		19C812541BEADFF0003586DF /* Release */ = {
			isa = XCBuildConfiguration;
			buildSettings = {
				ALWAYS_SEARCH_USER_PATHS = NO;
				CLANG_CXX_LANGUAGE_STANDARD = "gnu++0x";
				CLANG_CXX_LIBRARY = "libc++";
				CLANG_ENABLE_MODULES = YES;
				CLANG_ENABLE_OBJC_ARC = YES;
				CLANG_WARN_BOOL_CONVERSION = YES;
				CLANG_WARN_CONSTANT_CONVERSION = YES;
				CLANG_WARN_DIRECT_OBJC_ISA_USAGE = YES_ERROR;
				CLANG_WARN_EMPTY_BODY = YES;
				CLANG_WARN_ENUM_CONVERSION = YES;
				CLANG_WARN_INT_CONVERSION = YES;
				CLANG_WARN_OBJC_ROOT_CLASS = YES_ERROR;
				CLANG_WARN_UNREACHABLE_CODE = YES;
				CLANG_WARN__DUPLICATE_METHOD_MATCH = YES;
				"CODE_SIGN_IDENTITY[sdk=iphoneos*]" = "iPhone Developer";
				COPY_PHASE_STRIP = NO;
				DEBUG_INFORMATION_FORMAT = "dwarf-with-dsym";
				ENABLE_NS_ASSERTIONS = NO;
				ENABLE_STRICT_OBJC_MSGSEND = YES;
				GCC_C_LANGUAGE_STANDARD = gnu99;
				GCC_NO_COMMON_BLOCKS = YES;
				GCC_WARN_64_TO_32_BIT_CONVERSION = YES;
				GCC_WARN_ABOUT_RETURN_TYPE = YES_ERROR;
				GCC_WARN_UNDECLARED_SELECTOR = YES;
				GCC_WARN_UNINITIALIZED_AUTOS = YES_AGGRESSIVE;
				GCC_WARN_UNUSED_FUNCTION = YES;
				GCC_WARN_UNUSED_VARIABLE = YES;
				IPHONEOS_DEPLOYMENT_TARGET = 9.1;
				MTL_ENABLE_DEBUG_INFO = NO;
				SDKROOT = iphoneos;
				VALIDATE_PRODUCT = YES;
			};
			name = Release;
		};
		19C812561BEADFF0003586DF /* Debug */ = {
			isa = XCBuildConfiguration;
			buildSettings = {
				ASSETCATALOG_COMPILER_APPICON_NAME = AppIcon;
				INFOPLIST_FILE = RedBlue/Info.plist;
				LD_RUNPATH_SEARCH_PATHS = "$(inherited) @executable_path/Frameworks";
				PRODUCT_BUNDLE_IDENTIFIER = giladb.RedBlue;
				PRODUCT_NAME = "$(TARGET_NAME)";
				TARGETED_DEVICE_FAMILY = 1;
			};
			name = Debug;
		};
		19C812571BEADFF0003586DF /* Release */ = {
			isa = XCBuildConfiguration;
			buildSettings = {
				ASSETCATALOG_COMPILER_APPICON_NAME = AppIcon;
				INFOPLIST_FILE = RedBlue/Info.plist;
				LD_RUNPATH_SEARCH_PATHS = "$(inherited) @executable_path/Frameworks";
				PRODUCT_BUNDLE_IDENTIFIER = giladb.RedBlue;
				PRODUCT_NAME = "$(TARGET_NAME)";
				TARGETED_DEVICE_FAMILY = 1;
			};
			name = Release;
		};
		19C812591BEADFF0003586DF /* Debug */ = {
			isa = XCBuildConfiguration;
			buildSettings = {
				BUNDLE_LOADER = "$(TEST_HOST)";
				INFOPLIST_FILE = RedBlueTests/Info.plist;
				LD_RUNPATH_SEARCH_PATHS = "$(inherited) @executable_path/Frameworks @loader_path/Frameworks";
				PRODUCT_BUNDLE_IDENTIFIER = giladb.RedBlueTests;
				PRODUCT_NAME = "$(TARGET_NAME)";
				TEST_HOST = "$(BUILT_PRODUCTS_DIR)/RedBlue.app/RedBlue";
			};
			name = Debug;
		};
		19C8125A1BEADFF0003586DF /* Release */ = {
			isa = XCBuildConfiguration;
			buildSettings = {
				BUNDLE_LOADER = "$(TEST_HOST)";
				INFOPLIST_FILE = RedBlueTests/Info.plist;
				LD_RUNPATH_SEARCH_PATHS = "$(inherited) @executable_path/Frameworks @loader_path/Frameworks";
				PRODUCT_BUNDLE_IDENTIFIER = giladb.RedBlueTests;
				PRODUCT_NAME = "$(TARGET_NAME)";
				TEST_HOST = "$(BUILT_PRODUCTS_DIR)/RedBlue.app/RedBlue";
			};
			name = Release;
		};
		19C8125C1BEADFF0003586DF /* Debug */ = {
			isa = XCBuildConfiguration;
			buildSettings = {
				INFOPLIST_FILE = RedBlueUITests/Info.plist;
				LD_RUNPATH_SEARCH_PATHS = "$(inherited) @executable_path/Frameworks @loader_path/Frameworks";
				PRODUCT_BUNDLE_IDENTIFIER = giladb.RedBlueUITests;
				PRODUCT_NAME = "$(TARGET_NAME)";
				TEST_TARGET_NAME = RedBlue;
				USES_XCTRUNNER = YES;
			};
			name = Debug;
		};
		19C8125D1BEADFF0003586DF /* Release */ = {
			isa = XCBuildConfiguration;
			buildSettings = {
				INFOPLIST_FILE = RedBlueUITests/Info.plist;
				LD_RUNPATH_SEARCH_PATHS = "$(inherited) @executable_path/Frameworks @loader_path/Frameworks";
				PRODUCT_BUNDLE_IDENTIFIER = giladb.RedBlueUITests;
				PRODUCT_NAME = "$(TARGET_NAME)";
				TEST_TARGET_NAME = RedBlue;
				USES_XCTRUNNER = YES;
			};
			name = Release;
		};
/* End XCBuildConfiguration section */

/* Begin XCConfigurationList section */
		19C812281BEADFEF003586DF /* Build configuration list for PBXProject "RedBlue" */ = {
			isa = XCConfigurationList;
			buildConfigurations = (
				19C812531BEADFF0003586DF /* Debug */,
				19C812541BEADFF0003586DF /* Release */,
			);
			defaultConfigurationIsVisible = 0;
			defaultConfigurationName = Release;
		};
		19C812551BEADFF0003586DF /* Build configuration list for PBXNativeTarget "RedBlue" */ = {
			isa = XCConfigurationList;
			buildConfigurations = (
				19C812561BEADFF0003586DF /* Debug */,
				19C812571BEADFF0003586DF /* Release */,
			);
			defaultConfigurationIsVisible = 0;
		};
		19C812581BEADFF0003586DF /* Build configuration list for PBXNativeTarget "RedBlueTests" */ = {
			isa = XCConfigurationList;
			buildConfigurations = (
				19C812591BEADFF0003586DF /* Debug */,
				19C8125A1BEADFF0003586DF /* Release */,
			);
			defaultConfigurationIsVisible = 0;
		};
		19C8125B1BEADFF0003586DF /* Build configuration list for PBXNativeTarget "RedBlueUITests" */ = {
			isa = XCConfigurationList;
			buildConfigurations = (
				19C8125C1BEADFF0003586DF /* Debug */,
				19C8125D1BEADFF0003586DF /* Release */,
			);
			defaultConfigurationIsVisible = 0;
		};
/* End XCConfigurationList section */
	};
	rootObject = 19C812251BEADFEF003586DF /* Project object */;
}
